
Microsoft Visual Studio Solution File, Format Version 12.00
# Visual Studio Version 17
VisualStudioVersion = 17.0.32112.339
MinimumVisualStudioVersion = 10.0.40219.1
Project("{FAE04EC0-301F-11D3-BF4B-00C04F79EFBC}") = "Increment", "Increment\Increment.csproj", "{603D3409-77D4-422C-87D6-A00480962078}"
EndProject
Global
	GlobalSection(SolutionConfigurationPlatforms) = preSolution
		Debug|Any CPU = Debug|Any CPU
		Release|Any CPU = Release|Any CPU
	EndGlobalSection
	GlobalSection(ProjectConfigurationPlatforms) = postSolution
		{603D3409-77D4-422C-87D6-A00480962078}.Debug|Any CPU.ActiveCfg = Debug|Any CPU
		{603D3409-77D4-422C-87D6-A00480962078}.Debug|Any CPU.Build.0 = Debug|Any CPU
		{603D3409-77D4-422C-87D6-A00480962078}.Release|Any CPU.ActiveCfg = Release|Any CPU
		{603D3409-77D4-422C-87D6-A00480962078}.Release|Any CPU.Build.0 = Release|Any CPU
	EndGlobalSection
	GlobalSection(SolutionProperties) = preSolution
		HideSolutionNode = FALSE
	EndGlobalSection
	GlobalSection(ExtensibilityGlobals) = postSolution
		SolutionGuid = {9510C9A0-9E3F-404C-8160-4B5C8E62BBDA}
	EndGlobalSection
EndGlobal
